PODS:
  - Alamofire (4.9.0)
  - Apollo (0.15.1):
    - Apollo/Core (= 0.15.1)
  - Apollo/Core (0.15.1)
  - Blueprints (0.12.1)
  - KeychainSwift (16.0.1)
  - Kingfisher (5.7.1)
  - MarqueeLabel (4.0.0)
  - PKHUD (5.3.0)
  - Realm (3.17.3):
    - Realm/Headers (= 3.17.3)
  - Realm/Headers (3.17.3)
  - RealmSwift (3.17.3):
    - Realm (= 3.17.3)
  - RichEditorView (5.0.0)
  - SideMenu (6.2.8)
  - SKPhotoBrowser (6.1.0)
  - SnapKit (4.2.0)
  - SwiftDate (5.1.0)
  - SwiftSoup (2.2.0)
  - SwiftyJSON (5.0.0)
  - SwiftyStoreKit (0.15.0)
  - Typist (1.4.2)
  - URLNavigator (2.2.0)

DEPENDENCIES:
  - Alamofire
  - Apollo (from `https://github.com/apollographql/apollo-ios.git`, branch `master`)
  - Blueprints
  - KeychainSwift
  - Kingfisher
  - MarqueeLabel
  - PKHUD
  - RealmSwift
  - RichEditorView
  - SideMenu
  - SKPhotoBrowser
  - SnapKit (~> 4.2.0)
  - SwiftDate (~> 5.1.0)
  - SwiftSoup
  - SwiftyJSON
  - SwiftyStoreKit
  - Typist
  - URLNavigator

SPEC REPOS:
  https://github.com/cocoapods/specs.git:
    - Alamofire
    - Blueprints
    - KeychainSwift
    - Kingfisher
    - MarqueeLabel
    - PKHUD
    - Realm
    - RealmSwift
    - RichEditorView
    - SideMenu
    - SKPhotoBrowser
    - SnapKit
    - SwiftDate
    - SwiftSoup
    - SwiftyJSON
    - SwiftyStoreKit
    - Typist
    - URLNavigator

EXTERNAL SOURCES:
  Apollo:
    :branch: master
    :git: https://github.com/apollographql/apollo-ios.git

CHECKOUT OPTIONS:
  Apollo:
    :commit: 53245bd2a6a0b75a2cc079f0126d60bd013e3b23
    :git: https://github.com/apollographql/apollo-ios.git

SPEC CHECKSUMS:
  Alamofire: afc3e7c6db61476cb45cdd23fed06bad03bbc321
  Apollo: faad3e64ac3f12642757329146318e8439c8f8e5
  Blueprints: a35723fafd8020c984e9d51817bd3c67f8d18ddc
  KeychainSwift: 4209611373ca4a098e09b1e547eebd87c544dcc4
  Kingfisher: 176d377ad339113c99ad4980cbae687f807e20fe
  MarqueeLabel: b55b26e690b6ad41faedd95cbf5eae6f1d1735b4
  PKHUD: 98f3e4bc904b9c916f1c5bb6d765365b5357291b
  Realm: 5a1d9d47bfc101dd597668b1a8af4288a2557f6d
  RealmSwift: b7fdc2d18616621c31df5c7a398a45a2163f8eb0
  RichEditorView: 1bbb07b87ca2d479ac29a6877014b38b8df233ef
  SideMenu: d3d43c5ea84f5e9af98c17e6b9c0201f93812d53
  SKPhotoBrowser: 343de95d89dc7913763c5dda243cc6e606e4a168
  SnapKit: fe8a619752f3f27075cc9a90244d75c6c3f27e2a
  SwiftDate: 6329e58969a2de31cea7f1ee1143b247693196e7
  SwiftSoup: 230991361c5ba249d140161860a3864a28b63860
  SwiftyJSON: 36413e04c44ee145039d332b4f4e2d3e8d6c4db7
  SwiftyStoreKit: 033d06b6f87955405d3f844a18a7687c2438592a
  Typist: 06465ab9867782aa6c81e38f073dfc01dab73deb
  URLNavigator: 0bffc3efdeb2d97f7b5eec7ac82d290f4a099431

PODFILE CHECKSUM: 863491ae691b8b983e0ce76df54ac3f053aefb87

COCOAPODS: 1.7.5
